
Microsoft Visual Studio Solution File, Format Version 12.00
# Visual Studio Version 17
VisualStudioVersion = 17.8.34525.116
MinimumVisualStudioVersion = 10.0.40219.1
Project("{9A19103F-16F7-4668-BE54-9A1E7A4F7556}") = "Yetibyte.CSharpToUmlet", "Yetibyte.CSharpToUmlet\Yetibyte.CSharpToUmlet.csproj", "{56203293-3ABD-41EB-8A1F-495A6DB22685}"
EndProject
Project("{FAE04EC0-301F-11D3-BF4B-00C04F79EFBC}") = "Yetibyte.CSharpToUmlet.Tests", "Yetibyte.CSharpToUmlet.Tests\Yetibyte.CSharpToUmlet.Tests.csproj", "{111981B4-9099-44C9-997D-561CAD7AF10C}"
EndProject
Global
	GlobalSection(SolutionConfigurationPlatforms) = preSolution
		Debug|Any CPU = Debug|Any CPU
		Release|Any CPU = Release|Any CPU
	EndGlobalSection
	GlobalSection(ProjectConfigurationPlatforms) = postSolution
		{56203293-3ABD-41EB-8A1F-495A6DB22685}.Debug|Any CPU.ActiveCfg = Debug|Any CPU
		{56203293-3ABD-41EB-8A1F-495A6DB22685}.Debug|Any CPU.Build.0 = Debug|Any CPU
		{56203293-3ABD-41EB-8A1F-495A6DB22685}.Release|Any CPU.ActiveCfg = Release|Any CPU
		{56203293-3ABD-41EB-8A1F-495A6DB22685}.Release|Any CPU.Build.0 = Release|Any CPU
		{111981B4-9099-44C9-997D-561CAD7AF10C}.Debug|Any CPU.ActiveCfg = Debug|Any CPU
		{111981B4-9099-44C9-997D-561CAD7AF10C}.Debug|Any CPU.Build.0 = Debug|Any CPU
		{111981B4-9099-44C9-997D-561CAD7AF10C}.Release|Any CPU.ActiveCfg = Release|Any CPU
		{111981B4-9099-44C9-997D-561CAD7AF10C}.Release|Any CPU.Build.0 = Release|Any CPU
	EndGlobalSection
	GlobalSection(SolutionProperties) = preSolution
		HideSolutionNode = FALSE
	EndGlobalSection
	GlobalSection(ExtensibilityGlobals) = postSolution
		SolutionGuid = {45176E1F-F6CF-44CE-98CD-0C4D4CD8763B}
	EndGlobalSection
EndGlobal
